// !$*UTF8*$!
{
	archiveVersion = 1;
	classes = {
	};
	objectVersion = 46;
	objects = {

/* Begin PBXBuildFile section */
		340613E21F0E164400816E66 /* main.m in Sources */ = {isa = PBXBuildFile; fileRef = 340613E11F0E164400816E66 /* main.m */; };
		340613E51F0E164400816E66 /* AppDelegate.m in Sources */ = {isa = PBXBuildFile; fileRef = 340613E41F0E164400816E66 /* AppDelegate.m */; };
		340613E81F0E164400816E66 /* ViewController.m in Sources */ = {isa = PBXBuildFile; fileRef = 340613E71F0E164400816E66 /* ViewController.m */; };
		340613EB1F0E164400816E66 /* Main.storyboard in Resources */ = {isa = PBXBuildFile; fileRef = 340613E91F0E164400816E66 /* Main.storyboard */; };
		340613ED1F0E164400816E66 /* Assets.xcassets in Resources */ = {isa = PBXBuildFile; fileRef = 340613EC1F0E164400816E66 /* Assets.xcassets */; };
		340613F01F0E164400816E66 /* LaunchScreen.storyboard in Resources */ = {isa = PBXBuildFile; fileRef = 340613EE1F0E164400816E66 /* LaunchScreen.storyboard */; };
		340613FB1F0E164400816E66 /* KYAnimatedPageControlTests.m in Sources */ = {isa = PBXBuildFile; fileRef = 340613FA1F0E164400816E66 /* KYAnimatedPageControlTests.m */; };
		340614061F0E164400816E66 /* KYAnimatedPageControlUITests.m in Sources */ = {isa = PBXBuildFile; fileRef = 340614051F0E164400816E66 /* KYAnimatedPageControlUITests.m */; };
		340614151F0E296300816E66 /* LineView.m in Sources */ = {isa = PBXBuildFile; fileRef = 340614141F0E296300816E66 /* LineView.m */; };
/* End PBXBuildFile section */

/* Begin PBXContainerItemProxy section */
		340613F71F0E164400816E66 /* PBXContainerItemProxy */ = {
			isa = PBXContainerItemProxy;
			containerPortal = 340613D51F0E164400816E66 /* Project object */;
			proxyType = 1;
			remoteGlobalIDString = 340613DC1F0E164400816E66;
			remoteInfo = KYAnimatedPageControl;
		};
		340614021F0E164400816E66 /* PBXContainerItemProxy */ = {
			isa = PBXContainerItemProxy;
			containerPortal = 340613D51F0E164400816E66 /* Project object */;
			proxyType = 1;
			remoteGlobalIDString = 340613DC1F0E164400816E66;
			remoteInfo = KYAnimatedPageControl;
		};
/* End PBXContainerItemProxy section */

/* Begin PBXFileReference section */
		340613DD1F0E164400816E66 /* KYAnimatedPageControl.app */ = {isa = PBXFileReference; explicitFileType = wrapper.application; includeInIndex = 0; path = KYAnimatedPageControl.app; sourceTree = BUILT_PRODUCTS_DIR; };
		340613E11F0E164400816E66 /* main.m */ = {isa = PBXFileReference; lastKnownFileType = sourcecode.c.objc; path = main.m; sourceTree = "<group>"; };
		340613E31F0E164400816E66 /* AppDelegate.h */ = {isa = PBXFileReference; lastKnownFileType = sourcecode.c.h; path = AppDelegate.h; sourceTree = "<group>"; };
		340613E41F0E164400816E66 /* AppDelegate.m */ = {isa = PBXFileReference; lastKnownFileType = sourcecode.c.objc; path = AppDelegate.m; sourceTree = "<group>"; };
		340613E61F0E164400816E66 /* ViewController.h */ = {isa = PBXFileReference; lastKnownFileType = sourcecode.c.h; path = ViewController.h; sourceTree = "<group>"; };
		340613E71F0E164400816E66 /* ViewController.m */ = {isa = PBXFileReference; lastKnownFileType = sourcecode.c.objc; path = ViewController.m; sourceTree = "<group>"; };
		340613EA1F0E164400816E66 /* Base */ = {isa = PBXFileReference; lastKnownFileType = file.storyboard; name = Base; path = Base.lproj/Main.storyboard; sourceTree = "<group>"; };
		340613EC1F0E164400816E66 /* Assets.xcassets */ = {isa = PBXFileReference; lastKnownFileType = folder.assetcatalog; path = Assets.xcassets; sourceTree = "<group>"; };
		340613EF1F0E164400816E66 /* Base */ = {isa = PBXFileReference; lastKnownFileType = file.storyboard; name = Base; path = Base.lproj/LaunchScreen.storyboard; sourceTree = "<group>"; };
		340613F11F0E164400816E66 /* Info.plist */ = {isa = PBXFileReference; lastKnownFileType = text.plist.xml; path = Info.plist; sourceTree = "<group>"; };
		340613F61F0E164400816E66 /* KYAnimatedPageControlTests.xctest */ = {isa = PBXFileReference; explicitFileType = wrapper.cfbundle; includeInIndex = 0; path = KYAnimatedPageControlTests.xctest; sourceTree = BUILT_PRODUCTS_DIR; };
		340613FA1F0E164400816E66 /* KYAnimatedPageControlTests.m */ = {isa = PBXFileReference; lastKnownFileType = sourcecode.c.objc; path = KYAnimatedPageControlTests.m; sourceTree = "<group>"; };
		340613FC1F0E164400816E66 /* Info.plist */ = {isa = PBXFileReference; lastKnownFileType = text.plist.xml; path = Info.plist; sourceTree = "<group>"; };
		340614011F0E164400816E66 /* KYAnimatedPageControlUITests.xctest */ = {isa = PBXFileReference; explicitFileType = wrapper.cfbundle; includeInIndex = 0; path = KYAnimatedPageControlUITests.xctest; sourceTree = BUILT_PRODUCTS_DIR; };
		340614051F0E164400816E66 /* KYAnimatedPageControlUITests.m */ = {isa = PBXFileReference; lastKnownFileType = sourcecode.c.objc; path = KYAnimatedPageControlUITests.m; sourceTree = "<group>"; };
		340614071F0E164400816E66 /* Info.plist */ = {isa = PBXFileReference; lastKnownFileType = text.plist.xml; path = Info.plist; sourceTree = "<group>"; };
		340614131F0E296300816E66 /* LineView.h */ = {isa = PBXFileReference; fileEncoding = 4; lastKnownFileType = sourcecode.c.h; path = LineView.h; sourceTree = "<group>"; };
		340614141F0E296300816E66 /* LineView.m */ = {isa = PBXFileReference; fileEncoding = 4; lastKnownFileType = sourcecode.c.objc; path = LineView.m; sourceTree = "<group>"; };
/* End PBXFileReference section */

/* Begin PBXFrameworksBuildPhase section */
		340613DA1F0E164400816E66 /* Frameworks */ = {
			isa = PBXFrameworksBuildPhase;
			buildActionMask = 2147483647;
			files = (
			);
			runOnlyForDeploymentPostprocessing = 0;
		};
		340613F31F0E164400816E66 /* Frameworks */ = {
			isa = PBXFrameworksBuildPhase;
			buildActionMask = 2147483647;
			files = (
			);
			runOnlyForDeploymentPostprocessing = 0;
		};
		340613FE1F0E164400816E66 /* Frameworks */ = {
			isa = PBXFrameworksBuildPhase;
			buildActionMask = 2147483647;
			files = (
			);
			runOnlyForDeploymentPostprocessing = 0;
		};
/* End PBXFrameworksBuildPhase section */

/* Begin PBXGroup section */
		340613D41F0E164400816E66 = {
			isa = PBXGroup;
			children = (
				340613DF1F0E164400816E66 /* KYAnimatedPageControl */,
				340613F91F0E164400816E66 /* KYAnimatedPageControlTests */,
				340614041F0E164400816E66 /* KYAnimatedPageControlUITests */,
				340613DE1F0E164400816E66 /* Products */,
			);
			sourceTree = "<group>";
		};
		340613DE1F0E164400816E66 /* Products */ = {
			isa = PBXGroup;
			children = (
				340613DD1F0E164400816E66 /* KYAnimatedPageControl.app */,
				340613F61F0E164400816E66 /* KYAnimatedPageControlTests.xctest */,
				340614011F0E164400816E66 /* KYAnimatedPageControlUITests.xctest */,
			);
			name = Products;
			sourceTree = "<group>";
		};
		340613DF1F0E164400816E66 /* KYAnimatedPageControl */ = {
			isa = PBXGroup;
			children = (
				340613E31F0E164400816E66 /* AppDelegate.h */,
				340613E41F0E164400816E66 /* AppDelegate.m */,
				340613E61F0E164400816E66 /* ViewController.h */,
				340613E71F0E164400816E66 /* ViewController.m */,
				340614131F0E296300816E66 /* LineView.h */,
				340614141F0E296300816E66 /* LineView.m */,
				340613E91F0E164400816E66 /* Main.storyboard */,
				340613EC1F0E164400816E66 /* Assets.xcassets */,
				340613EE1F0E164400816E66 /* LaunchScreen.storyboard */,
				340613F11F0E164400816E66 /* Info.plist */,
				340613E01F0E164400816E66 /* Supporting Files */,
			);
			path = KYAnimatedPageControl;
			sourceTree = "<group>";
		};
		340613E01F0E164400816E66 /* Supporting Files */ = {
			isa = PBXGroup;
			children = (
				340613E11F0E164400816E66 /* main.m */,
			);
			name = "Supporting Files";
			sourceTree = "<group>";
		};
		340613F91F0E164400816E66 /* KYAnimatedPageControlTests */ = {
			isa = PBXGroup;
			children = (
				340613FA1F0E164400816E66 /* KYAnimatedPageControlTests.m */,
				340613FC1F0E164400816E66 /* Info.plist */,
			);
			path = KYAnimatedPageControlTests;
			sourceTree = "<group>";
		};
		340614041F0E164400816E66 /* KYAnimatedPageControlUITests */ = {
			isa = PBXGroup;
			children = (
				340614051F0E164400816E66 /* KYAnimatedPageControlUITests.m */,
				340614071F0E164400816E66 /* Info.plist */,
			);
			path = KYAnimatedPageControlUITests;
			sourceTree = "<group>";
		};
/* End PBXGroup section */

/* Begin PBXNativeTarget section */
		340613DC1F0E164400816E66 /* KYAnimatedPageControl */ = {
			isa = PBXNativeTarget;
			buildConfigurationList = 3406140A1F0E164400816E66 /* Build configuration list for PBXNativeTarget "KYAnimatedPageControl" */;
			buildPhases = (
				340613D91F0E164400816E66 /* Sources */,
				340613DA1F0E164400816E66 /* Frameworks */,
				340613DB1F0E164400816E66 /* Resources */,
			);
			buildRules = (
			);
			dependencies = (
			);
			name = KYAnimatedPageControl;
			productName = KYAnimatedPageControl;
			productReference = 340613DD1F0E164400816E66 /* KYAnimatedPageControl.app */;
			productType = "com.apple.product-type.application";
		};
		340613F51F0E164400816E66 /* KYAnimatedPageControlTests */ = {
			isa = PBXNativeTarget;
			buildConfigurationList = 3406140D1F0E164400816E66 /* Build configuration list for PBXNativeTarget "KYAnimatedPageControlTests" */;
			buildPhases = (
				340613F21F0E164400816E66 /* Sources */,
				340613F31F0E164400816E66 /* Frameworks */,
				340613F41F0E164400816E66 /* Resources */,
			);
			buildRules = (
			);
			dependencies = (
				340613F81F0E164400816E66 /* PBXTargetDependency */,
			);
			name = KYAnimatedPageControlTests;
			productName = KYAnimatedPageControlTests;
			productReference = 340613F61F0E164400816E66 /* KYAnimatedPageControlTests.xctest */;
			productType = "com.apple.product-type.bundle.unit-test";
		};
		340614001F0E164400816E66 /* KYAnimatedPageControlUITests */ = {
			isa = PBXNativeTarget;
			buildConfigurationList = 340614101F0E164400816E66 /* Build configuration list for PBXNativeTarget "KYAnimatedPageControlUITests" */;
			buildPhases = (
				340613FD1F0E164400816E66 /* Sources */,
				340613FE1F0E164400816E66 /* Frameworks */,
				340613FF1F0E164400816E66 /* Resources */,
			);
			buildRules = (
			);
			dependencies = (
				340614031F0E164400816E66 /* PBXTargetDependency */,
			);
			name = KYAnimatedPageControlUITests;
			productName = KYAnimatedPageControlUITests;
			productReference = 340614011F0E164400816E66 /* KYAnimatedPageControlUITests.xctest */;
			productType = "com.apple.product-type.bundle.ui-testing";
		};
/* End PBXNativeTarget section */

/* Begin PBXProject section */
		340613D51F0E164400816E66 /* Project object */ = {
			isa = PBXProject;
			attributes = {
				LastUpgradeCheck = 0830;
				ORGANIZATIONNAME = jiangjunhui;
				TargetAttributes = {
					340613DC1F0E164400816E66 = {
						CreatedOnToolsVersion = 8.3;
						ProvisioningStyle = Automatic;
					};
					340613F51F0E164400816E66 = {
						CreatedOnToolsVersion = 8.3;
						ProvisioningStyle = Automatic;
						TestTargetID = 340613DC1F0E164400816E66;
					};
					340614001F0E164400816E66 = {
						CreatedOnToolsVersion = 8.3;
						ProvisioningStyle = Automatic;
						TestTargetID = 340613DC1F0E164400816E66;
					};
				};
			};
			buildConfigurationList = 340613D81F0E164400816E66 /* Build configuration list for PBXProject "KYAnimatedPageControl" */;
			compatibilityVersion = "Xcode 3.2";
			developmentRegion = English;
			hasScannedForEncodings = 0;
			knownRegions = (
				en,
				Base,
			);
			mainGroup = 340613D41F0E164400816E66;
			productRefGroup = 340613DE1F0E164400816E66 /* Products */;
			projectDirPath = "";
			projectRoot = "";
			targets = (
				340613DC1F0E164400816E66 /* KYAnimatedPageControl */,
				340613F51F0E164400816E66 /* KYAnimatedPageControlTests */,
				340614001F0E164400816E66 /* KYAnimatedPageControlUITests */,
			);
		};
/* End PBXProject section */

/* Begin PBXResourcesBuildPhase section */
		340613DB1F0E164400816E66 /* Resources */ = {
			isa = PBXResourcesBuildPhase;
			buildActionMask = 2147483647;
			files = (
				340613F01F0E164400816E66 /* LaunchScreen.storyboard in Resources */,
				340613ED1F0E164400816E66 /* Assets.xcassets in Resources */,
				340613EB1F0E164400816E66 /* Main.storyboard in Resources */,
			);
			runOnlyForDeploymentPostprocessing = 0;
		};
		340613F41F0E164400816E66 /* Resources */ = {
			isa = PBXResourcesBuildPhase;
			buildActionMask = 2147483647;
			files = (
			);
			runOnlyForDeploymentPostprocessing = 0;
		};
		340613FF1F0E164400816E66 /* Resources */ = {
			isa = PBXResourcesBuildPhase;
			buildActionMask = 2147483647;
			files = (
			);
			runOnlyForDeploymentPostprocessing = 0;
		};
/* End PBXResourcesBuildPhase section */

/* Begin PBXSourcesBuildPhase section */
		340613D91F0E164400816E66 /* Sources */ = {
			isa = PBXSourcesBuildPhase;
			buildActionMask = 2147483647;
			files = (
				340614151F0E296300816E66 /* LineView.m in Sources */,
				340613E81F0E164400816E66 /* ViewController.m in Sources */,
				340613E51F0E164400816E66 /* AppDelegate.m in Sources */,
				340613E21F0E164400816E66 /* main.m in Sources */,
			);
			runOnlyForDeploymentPostprocessing = 0;
		};
		340613F21F0E164400816E66 /* Sources */ = {
			isa = PBXSourcesBuildPhase;
			buildActionMask = 2147483647;
			files = (
				340613FB1F0E164400816E66 /* KYAnimatedPageControlTests.m in Sources */,
			);
			runOnlyForDeploymentPostprocessing = 0;
		};
		340613FD1F0E164400816E66 /* Sources */ = {
			isa = PBXSourcesBuildPhase;
			buildActionMask = 2147483647;
			files = (
				340614061F0E164400816E66 /* KYAnimatedPageControlUITests.m in Sources */,
			);
			runOnlyForDeploymentPostprocessing = 0;
		};
/* End PBXSourcesBuildPhase section */

/* Begin PBXTargetDependency section */
		340613F81F0E164400816E66 /* PBXTargetDependency */ = {
			isa = PBXTargetDependency;
			target = 340613DC1F0E164400816E66 /* KYAnimatedPageControl */;
			targetProxy = 340613F71F0E164400816E66 /* PBXContainerItemProxy */;
		};
		340614031F0E164400816E66 /* PBXTargetDependency */ = {
			isa = PBXTargetDependency;
			target = 340613DC1F0E164400816E66 /* KYAnimatedPageControl */;
			targetProxy = 340614021F0E164400816E66 /* PBXContainerItemProxy */;
		};
/* End PBXTargetDependency section */

/* Begin PBXVariantGroup section */
		340613E91F0E164400816E66 /* Main.storyboard */ = {
			isa = PBXVariantGroup;
			children = (
				340613EA1F0E164400816E66 /* Base */,
			);
			name = Main.storyboard;
			sourceTree = "<group>";
		};
		340613EE1F0E164400816E66 /* LaunchScreen.storyboard */ = {
			isa = PBXVariantGroup;
			children = (
				340613EF1F0E164400816E66 /* Base */,
			);
			name = LaunchScreen.storyboard;
			sourceTree = "<group>";
		};
/* End PBXVariantGroup section */

/* Begin XCBuildConfiguration section */
		340614081F0E164400816E66 /* Debug */ = {
			isa = XCBuildConfiguration;
			buildSettings = {
				ALWAYS_SEARCH_USER_PATHS = NO;
				CLANG_ANALYZER_NONNULL = YES;
				CLANG_ANALYZER_NUMBER_OBJECT_CONVERSION = YES_AGGRESSIVE;
				CLANG_CXX_LANGUAGE_STANDARD = "gnu++0x";
				CLANG_CXX_LIBRARY = "libc++";
				CLANG_ENABLE_MODULES = YES;
				CLANG_ENABLE_OBJC_ARC = YES;
				CLANG_WARN_BOOL_CONVERSION = YES;
				CLANG_WARN_CONSTANT_CONVERSION = YES;
				CLANG_WARN_DIRECT_OBJC_ISA_USAGE = YES_ERROR;
				CLANG_WARN_DOCUMENTATION_COMMENTS = YES;
				CLANG_WARN_EMPTY_BODY = YES;
				CLANG_WARN_ENUM_CONVERSION = YES;
				CLANG_WARN_INFINITE_RECURSION = YES;
				CLANG_WARN_INT_CONVERSION = YES;
				CLANG_WARN_OBJC_ROOT_CLASS = YES_ERROR;
				CLANG_WARN_SUSPICIOUS_MOVE = YES;
				CLANG_WARN_UNREACHABLE_CODE = YES;
				CLANG_WARN__DUPLICATE_METHOD_MATCH = YES;
				"CODE_SIGN_IDENTITY[sdk=iphoneos*]" = "iPhone Developer";
				COPY_PHASE_STRIP = NO;
				DEBUG_INFORMATION_FORMAT = dwarf;
				ENABLE_STRICT_OBJC_MSGSEND = YES;
				ENABLE_TESTABILITY = YES;
				GCC_C_LANGUAGE_STANDARD = gnu99;
				GCC_DYNAMIC_NO_PIC = NO;
				GCC_NO_COMMON_BLOCKS = YES;
				GCC_OPTIMIZATION_LEVEL = 0;
				GCC_PREPROCESSOR_DEFINITIONS = (
					"DEBUG=1",
					"$(inherited)",
				);
				GCC_WARN_64_TO_32_BIT_CONVERSION = YES;
				GCC_WARN_ABOUT_RETURN_TYPE = YES_ERROR;
				GCC_WARN_UNDECLARED_SELECTOR = YES;
				GCC_WARN_UNINITIALIZED_AUTOS = YES_AGGRESSIVE;
				GCC_WARN_UNUSED_FUNCTION = YES;
				GCC_WARN_UNUSED_VARIABLE = YES;
				IPHONEOS_DEPLOYMENT_TARGET = 10.3;
				MTL_ENABLE_DEBUG_INFO = YES;
				ONLY_ACTIVE_ARCH = YES;
				SDKROOT = iphoneos;
				TARGETED_DEVICE_FAMILY = "1,2";
			};
			name = Debug;
		};
		340614091F0E164400816E66 /* Release */ = {
			isa = XCBuildConfiguration;
			buildSettings = {
				ALWAYS_SEARCH_USER_PATHS = NO;
				CLANG_ANALYZER_NONNULL = YES;
				CLANG_ANALYZER_NUMBER_OBJECT_CONVERSION = YES_AGGRESSIVE;
				CLANG_CXX_LANGUAGE_STANDARD = "gnu++0x";
				CLANG_CXX_LIBRARY = "libc++";
				CLANG_ENABLE_MODULES = YES;
				CLANG_ENABLE_OBJC_ARC = YES;
				CLANG_WARN_BOOL_CONVERSION = YES;
				CLANG_WARN_CONSTANT_CONVERSION = YES;
				CLANG_WARN_DIRECT_OBJC_ISA_USAGE = YES_ERROR;
				CLANG_WARN_DOCUMENTATION_COMMENTS = YES;
				CLANG_WARN_EMPTY_BODY = YES;
				CLANG_WARN_ENUM_CONVERSION = YES;
				CLANG_WARN_INFINITE_RECURSION = YES;
				CLANG_WARN_INT_CONVERSION = YES;
				CLANG_WARN_OBJC_ROOT_CLASS = YES_ERROR;
				CLANG_WARN_SUSPICIOUS_MOVE = YES;
				CLANG_WARN_UNREACHABLE_CODE = YES;
				CLANG_WARN__DUPLICATE_METHOD_MATCH = YES;
				"CODE_SIGN_IDENTITY[sdk=iphoneos*]" = "iPhone Developer";
				COPY_PHASE_STRIP = NO;
				DEBUG_INFORMATION_FORMAT = "dwarf-with-dsym";
				ENABLE_NS_ASSERTIONS = NO;
				ENABLE_STRICT_OBJC_MSGSEND = YES;
				GCC_C_LANGUAGE_STANDARD = gnu99;
				GCC_NO_COMMON_BLOCKS = YES;
				GCC_WARN_64_TO_32_BIT_CONVERSION = YES;
				GCC_WARN_ABOUT_RETURN_TYPE = YES_ERROR;
				GCC_WARN_UNDECLARED_SELECTOR = YES;
				GCC_WARN_UNINITIALIZED_AUTOS = YES_AGGRESSIVE;
				GCC_WARN_UNUSED_FUNCTION = YES;
				GCC_WARN_UNUSED_VARIABLE = YES;
				IPHONEOS_DEPLOYMENT_TARGET = 10.3;
				MTL_ENABLE_DEBUG_INFO = NO;
				SDKROOT = iphoneos;
				TARGETED_DEVICE_FAMILY = "1,2";
				VALIDATE_PRODUCT = YES;
			};
			name = Release;
		};
		3406140B1F0E164400816E66 /* Debug */ = {
			isa = XCBuildConfiguration;
			buildSettings = {
				ASSETCATALOG_COMPILER_APPICON_NAME = AppIcon;
				INFOPLIST_FILE = KYAnimatedPageControl/Info.plist;
				LD_RUNPATH_SEARCH_PATHS = "$(inherited) @executable_path/Frameworks";
				PRODUCT_BUNDLE_IDENTIFIER = huigedemac.KYAnimatedPageControl;
				PRODUCT_NAME = "$(TARGET_NAME)";
			};
			name = Debug;
		};
		3406140C1F0E164400816E66 /* Release */ = {
			isa = XCBuildConfiguration;
			buildSettings = {
				ASSETCATALOG_COMPILER_APPICON_NAME = AppIcon;
				INFOPLIST_FILE = KYAnimatedPageControl/Info.plist;
				LD_RUNPATH_SEARCH_PATHS = "$(inherited) @executable_path/Frameworks";
				PRODUCT_BUNDLE_IDENTIFIER = huigedemac.KYAnimatedPageControl;
				PRODUCT_NAME = "$(TARGET_NAME)";
			};
			name = Release;
		};
		3406140E1F0E164400816E66 /* Debug */ = {
			isa = XCBuildConfiguration;
			buildSettings = {
				BUNDLE_LOADER = "$(TEST_HOST)";
				INFOPLIST_FILE = KYAnimatedPageControlTests/Info.plist;
				LD_RUNPATH_SEARCH_PATHS = "$(inherited) @executable_path/Frameworks @loader_path/Frameworks";
				PRODUCT_BUNDLE_IDENTIFIER = huigedemac.KYAnimatedPageControlTests;
				PRODUCT_NAME = "$(TARGET_NAME)";
				TEST_HOST = "$(BUILT_PRODUCTS_DIR)/KYAnimatedPageControl.app/KYAnimatedPageControl";
			};
			name = Debug;
		};
		3406140F1F0E164400816E66 /* Release */ = {
			isa = XCBuildConfiguration;
			buildSettings = {
				BUNDLE_LOADER = "$(TEST_HOST)";
				INFOPLIST_FILE = KYAnimatedPageControlTests/Info.plist;
				LD_RUNPATH_SEARCH_PATHS = "$(inherited) @executable_path/Frameworks @loader_path/Frameworks";
				PRODUCT_BUNDLE_IDENTIFIER = huigedemac.KYAnimatedPageControlTests;
				PRODUCT_NAME = "$(TARGET_NAME)";
				TEST_HOST = "$(BUILT_PRODUCTS_DIR)/KYAnimatedPageControl.app/KYAnimatedPageControl";
			};
			name = Release;
		};
		340614111F0E164400816E66 /* Debug */ = {
			isa = XCBuildConfiguration;
			buildSettings = {
				INFOPLIST_FILE = KYAnimatedPageControlUITests/Info.plist;
				LD_RUNPATH_SEARCH_PATHS = "$(inherited) @executable_path/Frameworks @loader_path/Frameworks";
				PRODUCT_BUNDLE_IDENTIFIER = huigedemac.KYAnimatedPageControlUITests;
				PRODUCT_NAME = "$(TARGET_NAME)";
				TEST_TARGET_NAME = KYAnimatedPageControl;
			};
			name = Debug;
		};
		340614121F0E164400816E66 /* Release */ = {
			isa = XCBuildConfiguration;
			buildSettings = {
				INFOPLIST_FILE = KYAnimatedPageControlUITests/Info.plist;
				LD_RUNPATH_SEARCH_PATHS = "$(inherited) @executable_path/Frameworks @loader_path/Frameworks";
				PRODUCT_BUNDLE_IDENTIFIER = huigedemac.KYAnimatedPageControlUITests;
				PRODUCT_NAME = "$(TARGET_NAME)";
				TEST_TARGET_NAME = KYAnimatedPageControl;
			};
			name = Release;
		};
/* End XCBuildConfiguration section */

/* Begin XCConfigurationList section */
		340613D81F0E164400816E66 /* Build configuration list for PBXProject "KYAnimatedPageControl" */ = {
			isa = XCConfigurationList;
			buildConfigurations = (
				340614081F0E164400816E66 /* Debug */,
				340614091F0E164400816E66 /* Release */,
			);
			defaultConfigurationIsVisible = 0;
			defaultConfigurationName = Release;
		};
		3406140A1F0E164400816E66 /* Build configuration list for PBXNativeTarget "KYAnimatedPageControl" */ = {
			isa = XCConfigurationList;
			buildConfigurations = (
				3406140B1F0E164400816E66 /* Debug */,
				3406140C1F0E164400816E66 /* Release */,
			);
			defaultConfigurationIsVisible = 0;
		};
		3406140D1F0E164400816E66 /* Build configuration list for PBXNativeTarget "KYAnimatedPageControlTests" */ = {
			isa = XCConfigurationList;
			buildConfigurations = (
				3406140E1F0E164400816E66 /* Debug */,
				3406140F1F0E164400816E66 /* Release */,
			);
			defaultConfigurationIsVisible = 0;
		};
		340614101F0E164400816E66 /* Build configuration list for PBXNativeTarget "KYAnimatedPageControlUITests" */ = {
			isa = XCConfigurationList;
			buildConfigurations = (
				340614111F0E164400816E66 /* Debug */,
				340614121F0E164400816E66 /* Release */,
			);
			defaultConfigurationIsVisible = 0;
		};
/* End XCConfigurationList section */
	};
	rootObject = 340613D51F0E164400816E66 /* Project object */;
}
